// !$*UTF8*$!
{
	archiveVersion = 1;
	classes = {
	};
	objectVersion = 50;
	objects = {

/* Begin PBXBuildFile section */
		D9D5EAB725141E6C001C1C9E /* ArvoreAVLApp.swift in Sources */ = {isa = PBXBuildFile; fileRef = D9D5EAB625141E6C001C1C9E /* ArvoreAVLApp.swift */; };
		D9D5EAB925141E6C001C1C9E /* ViewPrincipal.swift in Sources */ = {isa = PBXBuildFile; fileRef = D9D5EAB825141E6C001C1C9E /* ViewPrincipal.swift */; };
		D9D5EABB25141E6D001C1C9E /* Assets.xcassets in Resources */ = {isa = PBXBuildFile; fileRef = D9D5EABA25141E6D001C1C9E /* Assets.xcassets */; };
		D9D5EABE25141E6D001C1C9E /* Preview Assets.xcassets in Resources */ = {isa = PBXBuildFile; fileRef = D9D5EABD25141E6D001C1C9E /* Preview Assets.xcassets */; };
		D9D5EACB2514474B001C1C9E /* NoView.swift in Sources */ = {isa = PBXBuildFile; fileRef = D9D5EACA2514474B001C1C9E /* NoView.swift */; };
		D9D5EACE25144BDF001C1C9E /* No.swift in Sources */ = {isa = PBXBuildFile; fileRef = D9D5EACD25144BDF001C1C9E /* No.swift */; };
		D9D5EAD125144FF0001C1C9E /* EstiloBordaComContorno.swift in Sources */ = {isa = PBXBuildFile; fileRef = D9D5EAD025144FF0001C1C9E /* EstiloBordaComContorno.swift */; };
		D9D5EAD525145591001C1C9E /* ViewPrincipalViewModel.swift in Sources */ = {isa = PBXBuildFile; fileRef = D9D5EAD425145591001C1C9E /* ViewPrincipalViewModel.swift */; };
		D9D5EAD825145C96001C1C9E /* DiagramaArvore.swift in Sources */ = {isa = PBXBuildFile; fileRef = D9D5EAD725145C96001C1C9E /* DiagramaArvore.swift */; };
/* End PBXBuildFile section */

/* Begin PBXFileReference section */
		D9D5EAB325141E6C001C1C9E /* ArvoreAVL.app */ = {isa = PBXFileReference; explicitFileType = wrapper.application; includeInIndex = 0; path = ArvoreAVL.app; sourceTree = BUILT_PRODUCTS_DIR; };
		D9D5EAB625141E6C001C1C9E /* ArvoreAVLApp.swift */ = {isa = PBXFileReference; lastKnownFileType = sourcecode.swift; path = ArvoreAVLApp.swift; sourceTree = "<group>"; };
		D9D5EAB825141E6C001C1C9E /* ViewPrincipal.swift */ = {isa = PBXFileReference; lastKnownFileType = sourcecode.swift; path = ViewPrincipal.swift; sourceTree = "<group>"; };
		D9D5EABA25141E6D001C1C9E /* Assets.xcassets */ = {isa = PBXFileReference; lastKnownFileType = folder.assetcatalog; path = Assets.xcassets; sourceTree = "<group>"; };
		D9D5EABD25141E6D001C1C9E /* Preview Assets.xcassets */ = {isa = PBXFileReference; lastKnownFileType = folder.assetcatalog; path = "Preview Assets.xcassets"; sourceTree = "<group>"; };
		D9D5EABF25141E6D001C1C9E /* Info.plist */ = {isa = PBXFileReference; lastKnownFileType = text.plist.xml; path = Info.plist; sourceTree = "<group>"; };
		D9D5EACA2514474B001C1C9E /* NoView.swift */ = {isa = PBXFileReference; lastKnownFileType = sourcecode.swift; path = NoView.swift; sourceTree = "<group>"; };
		D9D5EACD25144BDF001C1C9E /* No.swift */ = {isa = PBXFileReference; lastKnownFileType = sourcecode.swift; path = No.swift; sourceTree = "<group>"; };
		D9D5EAD025144FF0001C1C9E /* EstiloBordaComContorno.swift */ = {isa = PBXFileReference; lastKnownFileType = sourcecode.swift; path = EstiloBordaComContorno.swift; sourceTree = "<group>"; };
		D9D5EAD425145591001C1C9E /* ViewPrincipalViewModel.swift */ = {isa = PBXFileReference; lastKnownFileType = sourcecode.swift; path = ViewPrincipalViewModel.swift; sourceTree = "<group>"; };
		D9D5EAD725145C96001C1C9E /* DiagramaArvore.swift */ = {isa = PBXFileReference; lastKnownFileType = sourcecode.swift; path = DiagramaArvore.swift; sourceTree = "<group>"; };
/* End PBXFileReference section */

/* Begin PBXFrameworksBuildPhase section */
		D9D5EAB025141E6C001C1C9E /* Frameworks */ = {
			isa = PBXFrameworksBuildPhase;
			buildActionMask = 2147483647;
			files = (
			);
			runOnlyForDeploymentPostprocessing = 0;
		};
/* End PBXFrameworksBuildPhase section */

/* Begin PBXGroup section */
		D9D5EAAA25141E6C001C1C9E = {
			isa = PBXGroup;
			children = (
				D9D5EAB525141E6C001C1C9E /* ArvoreAVL */,
				D9D5EAB425141E6C001C1C9E /* Products */,
			);
			sourceTree = "<group>";
		};
		D9D5EAB425141E6C001C1C9E /* Products */ = {
			isa = PBXGroup;
			children = (
				D9D5EAB325141E6C001C1C9E /* ArvoreAVL.app */,
			);
			name = Products;
			sourceTree = "<group>";
		};
		D9D5EAB525141E6C001C1C9E /* ArvoreAVL */ = {
			isa = PBXGroup;
			children = (
				D9D5EAB625141E6C001C1C9E /* ArvoreAVLApp.swift */,
				D9D5EAB825141E6C001C1C9E /* ViewPrincipal.swift */,
				D9D5EAD425145591001C1C9E /* ViewPrincipalViewModel.swift */,
				D9D5EAD725145C96001C1C9E /* DiagramaArvore.swift */,
				D9D5EACD25144BDF001C1C9E /* No.swift */,
				D9D5EAD025144FF0001C1C9E /* EstiloBordaComContorno.swift */,
				D9D5EACA2514474B001C1C9E /* NoView.swift */,
				D9D5EABA25141E6D001C1C9E /* Assets.xcassets */,
				D9D5EABF25141E6D001C1C9E /* Info.plist */,
				D9D5EABC25141E6D001C1C9E /* Preview Content */,
			);
			path = ArvoreAVL;
			sourceTree = "<group>";
		};
		D9D5EABC25141E6D001C1C9E /* Preview Content */ = {
			isa = PBXGroup;
			children = (
				D9D5EABD25141E6D001C1C9E /* Preview Assets.xcassets */,
			);
			path = "Preview Content";
			sourceTree = "<group>";
		};
/* End PBXGroup section */

/* Begin PBXNativeTarget section */
		D9D5EAB225141E6C001C1C9E /* ArvoreAVL */ = {
			isa = PBXNativeTarget;
			buildConfigurationList = D9D5EAC225141E6D001C1C9E /* Build configuration list for PBXNativeTarget "ArvoreAVL" */;
			buildPhases = (
				D9D5EAAF25141E6C001C1C9E /* Sources */,
				D9D5EAB025141E6C001C1C9E /* Frameworks */,
				D9D5EAB125141E6C001C1C9E /* Resources */,
			);
			buildRules = (
			);
			dependencies = (
			);
			name = ArvoreAVL;
			productName = ArvoreAVL;
			productReference = D9D5EAB325141E6C001C1C9E /* ArvoreAVL.app */;
			productType = "com.apple.product-type.application";
		};
/* End PBXNativeTarget section */

/* Begin PBXProject section */
		D9D5EAAB25141E6C001C1C9E /* Project object */ = {
			isa = PBXProject;
			attributes = {
				LastSwiftUpdateCheck = 1200;
				LastUpgradeCheck = 1200;
				TargetAttributes = {
					D9D5EAB225141E6C001C1C9E = {
						CreatedOnToolsVersion = 12.0;
					};
				};
			};
			buildConfigurationList = D9D5EAAE25141E6C001C1C9E /* Build configuration list for PBXProject "ArvoreAVL" */;
			compatibilityVersion = "Xcode 9.3";
			developmentRegion = en;
			hasScannedForEncodings = 0;
			knownRegions = (
				en,
				Base,
			);
			mainGroup = D9D5EAAA25141E6C001C1C9E;
			productRefGroup = D9D5EAB425141E6C001C1C9E /* Products */;
			projectDirPath = "";
			projectRoot = "";
			targets = (
				D9D5EAB225141E6C001C1C9E /* ArvoreAVL */,
			);
		};
/* End PBXProject section */

/* Begin PBXResourcesBuildPhase section */
		D9D5EAB125141E6C001C1C9E /* Resources */ = {
			isa = PBXResourcesBuildPhase;
			buildActionMask = 2147483647;
			files = (
				D9D5EABE25141E6D001C1C9E /* Preview Assets.xcassets in Resources */,
				D9D5EABB25141E6D001C1C9E /* Assets.xcassets in Resources */,
			);
			runOnlyForDeploymentPostprocessing = 0;
		};
/* End PBXResourcesBuildPhase section */

/* Begin PBXSourcesBuildPhase section */
		D9D5EAAF25141E6C001C1C9E /* Sources */ = {
			isa = PBXSourcesBuildPhase;
			buildActionMask = 2147483647;
			files = (
				D9D5EACE25144BDF001C1C9E /* No.swift in Sources */,
				D9D5EAD125144FF0001C1C9E /* EstiloBordaComContorno.swift in Sources */,
				D9D5EAB925141E6C001C1C9E /* ViewPrincipal.swift in Sources */,
				D9D5EAB725141E6C001C1C9E /* ArvoreAVLApp.swift in Sources */,
				D9D5EAD825145C96001C1C9E /* DiagramaArvore.swift in Sources */,
				D9D5EAD525145591001C1C9E /* ViewPrincipalViewModel.swift in Sources */,
				D9D5EACB2514474B001C1C9E /* NoView.swift in Sources */,
			);
			runOnlyForDeploymentPostprocessing = 0;
		};
/* End PBXSourcesBuildPhase section */

/* Begin XCBuildConfiguration section */
		D9D5EAC025141E6D001C1C9E /* Debug */ = {
			isa = XCBuildConfiguration;
			buildSettings = {
				ALWAYS_SEARCH_USER_PATHS = NO;
				CLANG_ANALYZER_NONNULL = YES;
				CLANG_ANALYZER_NUMBER_OBJECT_CONVERSION = YES_AGGRESSIVE;
				CLANG_CXX_LANGUAGE_STANDARD = "gnu++14";
				CLANG_CXX_LIBRARY = "libc++";
				CLANG_ENABLE_MODULES = YES;
				CLANG_ENABLE_OBJC_ARC = YES;
				CLANG_ENABLE_OBJC_WEAK = YES;
				CLANG_WARN_BLOCK_CAPTURE_AUTORELEASING = YES;
				CLANG_WARN_BOOL_CONVERSION = YES;
				CLANG_WARN_COMMA = YES;
				CLANG_WARN_CONSTANT_CONVERSION = YES;
				CLANG_WARN_DEPRECATED_OBJC_IMPLEMENTATIONS = YES;
				CLANG_WARN_DIRECT_OBJC_ISA_USAGE = YES_ERROR;
				CLANG_WARN_DOCUMENTATION_COMMENTS = YES;
				CLANG_WARN_EMPTY_BODY = YES;
				CLANG_WARN_ENUM_CONVERSION = YES;
				CLANG_WARN_INFINITE_RECURSION = YES;
				CLANG_WARN_INT_CONVERSION = YES;
				CLANG_WARN_NON_LITERAL_NULL_CONVERSION = YES;
				CLANG_WARN_OBJC_IMPLICIT_RETAIN_SELF = YES;
				CLANG_WARN_OBJC_LITERAL_CONVERSION = YES;
				CLANG_WARN_OBJC_ROOT_CLASS = YES_ERROR;
				CLANG_WARN_QUOTED_INCLUDE_IN_FRAMEWORK_HEADER = YES;
				CLANG_WARN_RANGE_LOOP_ANALYSIS = YES;
				CLANG_WARN_STRICT_PROTOTYPES = YES;
				CLANG_WARN_SUSPICIOUS_MOVE = YES;
				CLANG_WARN_UNGUARDED_AVAILABILITY = YES_AGGRESSIVE;
				CLANG_WARN_UNREACHABLE_CODE = YES;
				CLANG_WARN__DUPLICATE_METHOD_MATCH = YES;
				COPY_PHASE_STRIP = NO;
				DEBUG_INFORMATION_FORMAT = dwarf;
				ENABLE_STRICT_OBJC_MSGSEND = YES;
				ENABLE_TESTABILITY = YES;
				GCC_C_LANGUAGE_STANDARD = gnu11;
				GCC_DYNAMIC_NO_PIC = NO;
				GCC_NO_COMMON_BLOCKS = YES;
				GCC_OPTIMIZATION_LEVEL = 0;
				GCC_PREPROCESSOR_DEFINITIONS = (
					"DEBUG=1",
					"$(inherited)",
				);
				GCC_WARN_64_TO_32_BIT_CONVERSION = YES;
				GCC_WARN_ABOUT_RETURN_TYPE = YES_ERROR;
				GCC_WARN_UNDECLARED_SELECTOR = YES;
				GCC_WARN_UNINITIALIZED_AUTOS = YES_AGGRESSIVE;
				GCC_WARN_UNUSED_FUNCTION = YES;
				GCC_WARN_UNUSED_VARIABLE = YES;
				IPHONEOS_DEPLOYMENT_TARGET = 14.0;
				MTL_ENABLE_DEBUG_INFO = INCLUDE_SOURCE;
				MTL_FAST_MATH = YES;
				ONLY_ACTIVE_ARCH = YES;
				SDKROOT = iphoneos;
				SWIFT_ACTIVE_COMPILATION_CONDITIONS = DEBUG;
				SWIFT_OPTIMIZATION_LEVEL = "-Onone";
			};
			name = Debug;
		};
		D9D5EAC125141E6D001C1C9E /* Release */ = {
			isa = XCBuildConfiguration;
			buildSettings = {
				ALWAYS_SEARCH_USER_PATHS = NO;
				CLANG_ANALYZER_NONNULL = YES;
				CLANG_ANALYZER_NUMBER_OBJECT_CONVERSION = YES_AGGRESSIVE;
				CLANG_CXX_LANGUAGE_STANDARD = "gnu++14";
				CLANG_CXX_LIBRARY = "libc++";
				CLANG_ENABLE_MODULES = YES;
				CLANG_ENABLE_OBJC_ARC = YES;
				CLANG_ENABLE_OBJC_WEAK = YES;
				CLANG_WARN_BLOCK_CAPTURE_AUTORELEASING = YES;
				CLANG_WARN_BOOL_CONVERSION = YES;
				CLANG_WARN_COMMA = YES;
				CLANG_WARN_CONSTANT_CONVERSION = YES;
				CLANG_WARN_DEPRECATED_OBJC_IMPLEMENTATIONS = YES;
				CLANG_WARN_DIRECT_OBJC_ISA_USAGE = YES_ERROR;
				CLANG_WARN_DOCUMENTATION_COMMENTS = YES;
				CLANG_WARN_EMPTY_BODY = YES;
				CLANG_WARN_ENUM_CONVERSION = YES;
				CLANG_WARN_INFINITE_RECURSION = YES;
				CLANG_WARN_INT_CONVERSION = YES;
				CLANG_WARN_NON_LITERAL_NULL_CONVERSION = YES;
				CLANG_WARN_OBJC_IMPLICIT_RETAIN_SELF = YES;
				CLANG_WARN_OBJC_LITERAL_CONVERSION = YES;
				CLANG_WARN_OBJC_ROOT_CLASS = YES_ERROR;
				CLANG_WARN_QUOTED_INCLUDE_IN_FRAMEWORK_HEADER = YES;
				CLANG_WARN_RANGE_LOOP_ANALYSIS = YES;
				CLANG_WARN_STRICT_PROTOTYPES = YES;
				CLANG_WARN_SUSPICIOUS_MOVE = YES;
				CLANG_WARN_UNGUARDED_AVAILABILITY = YES_AGGRESSIVE;
				CLANG_WARN_UNREACHABLE_CODE = YES;
				CLANG_WARN__DUPLICATE_METHOD_MATCH = YES;
				COPY_PHASE_STRIP = NO;
				DEBUG_INFORMATION_FORMAT = "dwarf-with-dsym";
				ENABLE_NS_ASSERTIONS = NO;
				ENABLE_STRICT_OBJC_MSGSEND = YES;
				GCC_C_LANGUAGE_STANDARD = gnu11;
				GCC_NO_COMMON_BLOCKS = YES;
				GCC_WARN_64_TO_32_BIT_CONVERSION = YES;
				GCC_WARN_ABOUT_RETURN_TYPE = YES_ERROR;
				GCC_WARN_UNDECLARED_SELECTOR = YES;
				GCC_WARN_UNINITIALIZED_AUTOS = YES_AGGRESSIVE;
				GCC_WARN_UNUSED_FUNCTION = YES;
				GCC_WARN_UNUSED_VARIABLE = YES;
				IPHONEOS_DEPLOYMENT_TARGET = 14.0;
				MTL_ENABLE_DEBUG_INFO = NO;
				MTL_FAST_MATH = YES;
				SDKROOT = iphoneos;
				SWIFT_COMPILATION_MODE = wholemodule;
				SWIFT_OPTIMIZATION_LEVEL = "-O";
				VALIDATE_PRODUCT = YES;
			};
			name = Release;
		};
		D9D5EAC325141E6D001C1C9E /* Debug */ = {
			isa = XCBuildConfiguration;
			buildSettings = {
				ASSETCATALOG_COMPILER_APPICON_NAME = AppIcon;
				ASSETCATALOG_COMPILER_GLOBAL_ACCENT_COLOR_NAME = AccentColor;
				CODE_SIGN_STYLE = Automatic;
				DEVELOPMENT_ASSET_PATHS = "\"ArvoreAVL/Preview Content\"";
				DEVELOPMENT_TEAM = L8X3H5XA82;
				ENABLE_PREVIEWS = YES;
				INFOPLIST_FILE = ArvoreAVL/Info.plist;
				IPHONEOS_DEPLOYMENT_TARGET = 14.0;
				LD_RUNPATH_SEARCH_PATHS = (
					"$(inherited)",
					"@executable_path/Frameworks",
				);
				PRODUCT_BUNDLE_IDENTIFIER = com.rafaelschmitt.ArvoreAVL;
				PRODUCT_NAME = "$(TARGET_NAME)";
				SWIFT_VERSION = 5.0;
				TARGETED_DEVICE_FAMILY = "1,2";
			};
			name = Debug;
		};
		D9D5EAC425141E6D001C1C9E /* Release */ = {
			isa = XCBuildConfiguration;
			buildSettings = {
				ASSETCATALOG_COMPILER_APPICON_NAME = AppIcon;
				ASSETCATALOG_COMPILER_GLOBAL_ACCENT_COLOR_NAME = AccentColor;
				CODE_SIGN_STYLE = Automatic;
				DEVELOPMENT_ASSET_PATHS = "\"ArvoreAVL/Preview Content\"";
				DEVELOPMENT_TEAM = L8X3H5XA82;
				ENABLE_PREVIEWS = YES;
				INFOPLIST_FILE = ArvoreAVL/Info.plist;
				IPHONEOS_DEPLOYMENT_TARGET = 14.0;
				LD_RUNPATH_SEARCH_PATHS = (
					"$(inherited)",
					"@executable_path/Frameworks",
				);
				PRODUCT_BUNDLE_IDENTIFIER = com.rafaelschmitt.ArvoreAVL;
				PRODUCT_NAME = "$(TARGET_NAME)";
				SWIFT_VERSION = 5.0;
				TARGETED_DEVICE_FAMILY = "1,2";
			};
			name = Release;
		};
/* End XCBuildConfiguration section */

/* Begin XCConfigurationList section */
		D9D5EAAE25141E6C001C1C9E /* Build configuration list for PBXProject "ArvoreAVL" */ = {
			isa = XCConfigurationList;
			buildConfigurations = (
				D9D5EAC025141E6D001C1C9E /* Debug */,
				D9D5EAC125141E6D001C1C9E /* Release */,
			);
			defaultConfigurationIsVisible = 0;
			defaultConfigurationName = Release;
		};
		D9D5EAC225141E6D001C1C9E /* Build configuration list for PBXNativeTarget "ArvoreAVL" */ = {
			isa = XCConfigurationList;
			buildConfigurations = (
				D9D5EAC325141E6D001C1C9E /* Debug */,
				D9D5EAC425141E6D001C1C9E /* Release */,
			);
			defaultConfigurationIsVisible = 0;
			defaultConfigurationName = Release;
		};
/* End XCConfigurationList section */
	};
	rootObject = D9D5EAAB25141E6C001C1C9E /* Project object */;
}
